// !$*UTF8*$!
{
	archiveVersion = 1;
	classes = {
	};
	objectVersion = 46;
	objects = {

/* Begin PBXBuildFile section */
		20045299193EF965008C8B25 /* Foundation.framework in Frameworks */ = {isa = PBXBuildFile; fileRef = 20045298193EF965008C8B25 /* Foundation.framework */; };
		2004529B193EF965008C8B25 /* CoreGraphics.framework in Frameworks */ = {isa = PBXBuildFile; fileRef = 2004529A193EF965008C8B25 /* CoreGraphics.framework */; };
		2004529D193EF965008C8B25 /* UIKit.framework in Frameworks */ = {isa = PBXBuildFile; fileRef = 2004529C193EF965008C8B25 /* UIKit.framework */; };
		200452A3193EF965008C8B25 /* InfoPlist.strings in Resources */ = {isa = PBXBuildFile; fileRef = 200452A1193EF965008C8B25 /* InfoPlist.strings */; };
		200452A5193EF965008C8B25 /* main.m in Sources */ = {isa = PBXBuildFile; fileRef = 200452A4193EF965008C8B25 /* main.m */; };
		200452A9193EF965008C8B25 /* AppDelegate.m in Sources */ = {isa = PBXBuildFile; fileRef = 200452A8193EF965008C8B25 /* AppDelegate.m */; };
		200452AB193EF965008C8B25 /* Images.xcassets in Resources */ = {isa = PBXBuildFile; fileRef = 200452AA193EF965008C8B25 /* Images.xcassets */; };
		200452B2193EF965008C8B25 /* XCTest.framework in Frameworks */ = {isa = PBXBuildFile; fileRef = 200452B1193EF965008C8B25 /* XCTest.framework */; };
		200452B3193EF965008C8B25 /* Foundation.framework in Frameworks */ = {isa = PBXBuildFile; fileRef = 20045298193EF965008C8B25 /* Foundation.framework */; };
		200452B4193EF965008C8B25 /* UIKit.framework in Frameworks */ = {isa = PBXBuildFile; fileRef = 2004529C193EF965008C8B25 /* UIKit.framework */; };
		200452BC193EF965008C8B25 /* InfoPlist.strings in Resources */ = {isa = PBXBuildFile; fileRef = 200452BA193EF965008C8B25 /* InfoPlist.strings */; };
		200452BE193EF965008C8B25 /* ios_tip_calculatorTests.m in Sources */ = {isa = PBXBuildFile; fileRef = 200452BD193EF965008C8B25 /* ios_tip_calculatorTests.m */; };
/* End PBXBuildFile section */

/* Begin PBXContainerItemProxy section */
		200452B5193EF965008C8B25 /* PBXContainerItemProxy */ = {
			isa = PBXContainerItemProxy;
			containerPortal = 2004528D193EF965008C8B25 /* Project object */;
			proxyType = 1;
			remoteGlobalIDString = 20045294193EF965008C8B25;
			remoteInfo = ios_tip_calculator;
		};
/* End PBXContainerItemProxy section */

/* Begin PBXFileReference section */
		20045295193EF965008C8B25 /* ios_tip_calculator.app */ = {isa = PBXFileReference; explicitFileType = wrapper.application; includeInIndex = 0; path = ios_tip_calculator.app; sourceTree = BUILT_PRODUCTS_DIR; };
		20045298193EF965008C8B25 /* Foundation.framework */ = {isa = PBXFileReference; lastKnownFileType = wrapper.framework; name = Foundation.framework; path = System/Library/Frameworks/Foundation.framework; sourceTree = SDKROOT; };
		2004529A193EF965008C8B25 /* CoreGraphics.framework */ = {isa = PBXFileReference; lastKnownFileType = wrapper.framework; name = CoreGraphics.framework; path = System/Library/Frameworks/CoreGraphics.framework; sourceTree = SDKROOT; };
		2004529C193EF965008C8B25 /* UIKit.framework */ = {isa = PBXFileReference; lastKnownFileType = wrapper.framework; name = UIKit.framework; path = System/Library/Frameworks/UIKit.framework; sourceTree = SDKROOT; };
		200452A0193EF965008C8B25 /* ios_tip_calculator-Info.plist */ = {isa = PBXFileReference; lastKnownFileType = text.plist.xml; path = "ios_tip_calculator-Info.plist"; sourceTree = "<group>"; };
		200452A2193EF965008C8B25 /* en */ = {isa = PBXFileReference; lastKnownFileType = text.plist.strings; name = en; path = en.lproj/InfoPlist.strings; sourceTree = "<group>"; };
		200452A4193EF965008C8B25 /* main.m */ = {isa = PBXFileReference; lastKnownFileType = sourcecode.c.objc; path = main.m; sourceTree = "<group>"; };
		200452A6193EF965008C8B25 /* ios_tip_calculator-Prefix.pch */ = {isa = PBXFileReference; lastKnownFileType = sourcecode.c.h; path = "ios_tip_calculator-Prefix.pch"; sourceTree = "<group>"; };
		200452A7193EF965008C8B25 /* AppDelegate.h */ = {isa = PBXFileReference; lastKnownFileType = sourcecode.c.h; path = AppDelegate.h; sourceTree = "<group>"; };
		200452A8193EF965008C8B25 /* AppDelegate.m */ = {isa = PBXFileReference; lastKnownFileType = sourcecode.c.objc; path = AppDelegate.m; sourceTree = "<group>"; };
		200452AA193EF965008C8B25 /* Images.xcassets */ = {isa = PBXFileReference; lastKnownFileType = folder.assetcatalog; path = Images.xcassets; sourceTree = "<group>"; };
		200452B0193EF965008C8B25 /* ios_tip_calculatorTests.xctest */ = {isa = PBXFileReference; explicitFileType = wrapper.cfbundle; includeInIndex = 0; path = ios_tip_calculatorTests.xctest; sourceTree = BUILT_PRODUCTS_DIR; };
		200452B1193EF965008C8B25 /* XCTest.framework */ = {isa = PBXFileReference; lastKnownFileType = wrapper.framework; name = XCTest.framework; path = Library/Frameworks/XCTest.framework; sourceTree = DEVELOPER_DIR; };
		200452B9193EF965008C8B25 /* ios_tip_calculatorTests-Info.plist */ = {isa = PBXFileReference; lastKnownFileType = text.plist.xml; path = "ios_tip_calculatorTests-Info.plist"; sourceTree = "<group>"; };
		200452BB193EF965008C8B25 /* en */ = {isa = PBXFileReference; lastKnownFileType = text.plist.strings; name = en; path = en.lproj/InfoPlist.strings; sourceTree = "<group>"; };
		200452BD193EF965008C8B25 /* ios_tip_calculatorTests.m */ = {isa = PBXFileReference; lastKnownFileType = sourcecode.c.objc; path = ios_tip_calculatorTests.m; sourceTree = "<group>"; };
/* End PBXFileReference section */

/* Begin PBXFrameworksBuildPhase section */
		20045292193EF965008C8B25 /* Frameworks */ = {
			isa = PBXFrameworksBuildPhase;
			buildActionMask = 2147483647;
			files = (
				2004529B193EF965008C8B25 /* CoreGraphics.framework in Frameworks */,
				2004529D193EF965008C8B25 /* UIKit.framework in Frameworks */,
				20045299193EF965008C8B25 /* Foundation.framework in Frameworks */,
			);
			runOnlyForDeploymentPostprocessing = 0;
		};
		200452AD193EF965008C8B25 /* Frameworks */ = {
			isa = PBXFrameworksBuildPhase;
			buildActionMask = 2147483647;
			files = (
				200452B2193EF965008C8B25 /* XCTest.framework in Frameworks */,
				200452B4193EF965008C8B25 /* UIKit.framework in Frameworks */,
				200452B3193EF965008C8B25 /* Foundation.framework in Frameworks */,
			);
			runOnlyForDeploymentPostprocessing = 0;
		};
/* End PBXFrameworksBuildPhase section */

/* Begin PBXGroup section */
		2004528C193EF965008C8B25 = {
			isa = PBXGroup;
			children = (
				2004529E193EF965008C8B25 /* ios_tip_calculator */,
				200452B7193EF965008C8B25 /* ios_tip_calculatorTests */,
				20045297193EF965008C8B25 /* Frameworks */,
				20045296193EF965008C8B25 /* Products */,
			);
			sourceTree = "<group>";
		};
		20045296193EF965008C8B25 /* Products */ = {
			isa = PBXGroup;
			children = (
				20045295193EF965008C8B25 /* ios_tip_calculator.app */,
				200452B0193EF965008C8B25 /* ios_tip_calculatorTests.xctest */,
			);
			name = Products;
			sourceTree = "<group>";
		};
		20045297193EF965008C8B25 /* Frameworks */ = {
			isa = PBXGroup;
			children = (
				20045298193EF965008C8B25 /* Foundation.framework */,
				2004529A193EF965008C8B25 /* CoreGraphics.framework */,
				2004529C193EF965008C8B25 /* UIKit.framework */,
				200452B1193EF965008C8B25 /* XCTest.framework */,
			);
			name = Frameworks;
			sourceTree = "<group>";
		};
		2004529E193EF965008C8B25 /* ios_tip_calculator */ = {
			isa = PBXGroup;
			children = (
				200452A7193EF965008C8B25 /* AppDelegate.h */,
				200452A8193EF965008C8B25 /* AppDelegate.m */,
				200452AA193EF965008C8B25 /* Images.xcassets */,
				2004529F193EF965008C8B25 /* Supporting Files */,
			);
			path = ios_tip_calculator;
			sourceTree = "<group>";
		};
		2004529F193EF965008C8B25 /* Supporting Files */ = {
			isa = PBXGroup;
			children = (
				200452A0193EF965008C8B25 /* ios_tip_calculator-Info.plist */,
				200452A1193EF965008C8B25 /* InfoPlist.strings */,
				200452A4193EF965008C8B25 /* main.m */,
				200452A6193EF965008C8B25 /* ios_tip_calculator-Prefix.pch */,
			);
			name = "Supporting Files";
			sourceTree = "<group>";
		};
		200452B7193EF965008C8B25 /* ios_tip_calculatorTests */ = {
			isa = PBXGroup;
			children = (
				200452BD193EF965008C8B25 /* ios_tip_calculatorTests.m */,
				200452B8193EF965008C8B25 /* Supporting Files */,
			);
			path = ios_tip_calculatorTests;
			sourceTree = "<group>";
		};
		200452B8193EF965008C8B25 /* Supporting Files */ = {
			isa = PBXGroup;
			children = (
				200452B9193EF965008C8B25 /* ios_tip_calculatorTests-Info.plist */,
				200452BA193EF965008C8B25 /* InfoPlist.strings */,
			);
			name = "Supporting Files";
			sourceTree = "<group>";
		};
/* End PBXGroup section */

/* Begin PBXNativeTarget section */
		20045294193EF965008C8B25 /* ios_tip_calculator */ = {
			isa = PBXNativeTarget;
			buildConfigurationList = 200452C1193EF965008C8B25 /* Build configuration list for PBXNativeTarget "ios_tip_calculator" */;
			buildPhases = (
				20045291193EF965008C8B25 /* Sources */,
				20045292193EF965008C8B25 /* Frameworks */,
				20045293193EF965008C8B25 /* Resources */,
			);
			buildRules = (
			);
			dependencies = (
			);
			name = ios_tip_calculator;
			productName = ios_tip_calculator;
			productReference = 20045295193EF965008C8B25 /* ios_tip_calculator.app */;
			productType = "com.apple.product-type.application";
		};
		200452AF193EF965008C8B25 /* ios_tip_calculatorTests */ = {
			isa = PBXNativeTarget;
			buildConfigurationList = 200452C4193EF965008C8B25 /* Build configuration list for PBXNativeTarget "ios_tip_calculatorTests" */;
			buildPhases = (
				200452AC193EF965008C8B25 /* Sources */,
				200452AD193EF965008C8B25 /* Frameworks */,
				200452AE193EF965008C8B25 /* Resources */,
			);
			buildRules = (
			);
			dependencies = (
				200452B6193EF965008C8B25 /* PBXTargetDependency */,
			);
			name = ios_tip_calculatorTests;
			productName = ios_tip_calculatorTests;
			productReference = 200452B0193EF965008C8B25 /* ios_tip_calculatorTests.xctest */;
			productType = "com.apple.product-type.bundle.unit-test";
		};
/* End PBXNativeTarget section */

/* Begin PBXProject section */
		2004528D193EF965008C8B25 /* Project object */ = {
			isa = PBXProject;
			attributes = {
				LastUpgradeCheck = 0510;
				ORGANIZATIONNAME = "Stanley Ng";
				TargetAttributes = {
					200452AF193EF965008C8B25 = {
						TestTargetID = 20045294193EF965008C8B25;
					};
				};
			};
			buildConfigurationList = 20045290193EF965008C8B25 /* Build configuration list for PBXProject "ios_tip_calculator" */;
			compatibilityVersion = "Xcode 3.2";
			developmentRegion = English;
			hasScannedForEncodings = 0;
			knownRegions = (
				en,
			);
			mainGroup = 2004528C193EF965008C8B25;
			productRefGroup = 20045296193EF965008C8B25 /* Products */;
			projectDirPath = "";
			projectRoot = "";
			targets = (
				20045294193EF965008C8B25 /* ios_tip_calculator */,
				200452AF193EF965008C8B25 /* ios_tip_calculatorTests */,
			);
		};
/* End PBXProject section */

/* Begin PBXResourcesBuildPhase section */
		20045293193EF965008C8B25 /* Resources */ = {
			isa = PBXResourcesBuildPhase;
			buildActionMask = 2147483647;
			files = (
				200452A3193EF965008C8B25 /* InfoPlist.strings in Resources */,
				200452AB193EF965008C8B25 /* Images.xcassets in Resources */,
			);
			runOnlyForDeploymentPostprocessing = 0;
		};
		200452AE193EF965008C8B25 /* Resources */ = {
			isa = PBXResourcesBuildPhase;
			buildActionMask = 2147483647;
			files = (
				200452BC193EF965008C8B25 /* InfoPlist.strings in Resources */,
			);
			runOnlyForDeploymentPostprocessing = 0;
		};
/* End PBXResourcesBuildPhase section */

/* Begin PBXSourcesBuildPhase section */
		20045291193EF965008C8B25 /* Sources */ = {
			isa = PBXSourcesBuildPhase;
			buildActionMask = 2147483647;
			files = (
				200452A9193EF965008C8B25 /* AppDelegate.m in Sources */,
				200452A5193EF965008C8B25 /* main.m in Sources */,
			);
			runOnlyForDeploymentPostprocessing = 0;
		};
		200452AC193EF965008C8B25 /* Sources */ = {
			isa = PBXSourcesBuildPhase;
			buildActionMask = 2147483647;
			files = (
				200452BE193EF965008C8B25 /* ios_tip_calculatorTests.m in Sources */,
			);
			runOnlyForDeploymentPostprocessing = 0;
		};
/* End PBXSourcesBuildPhase section */

/* Begin PBXTargetDependency section */
		200452B6193EF965008C8B25 /* PBXTargetDependency */ = {
			isa = PBXTargetDependency;
			target = 20045294193EF965008C8B25 /* ios_tip_calculator */;
			targetProxy = 200452B5193EF965008C8B25 /* PBXContainerItemProxy */;
		};
/* End PBXTargetDependency section */

/* Begin PBXVariantGroup section */
		200452A1193EF965008C8B25 /* InfoPlist.strings */ = {
			isa = PBXVariantGroup;
			children = (
				200452A2193EF965008C8B25 /* en */,
			);
			name = InfoPlist.strings;
			sourceTree = "<group>";
		};
		200452BA193EF965008C8B25 /* InfoPlist.strings */ = {
			isa = PBXVariantGroup;
			children = (
				200452BB193EF965008C8B25 /* en */,
			);
			name = InfoPlist.strings;
			sourceTree = "<group>";
		};
/* End PBXVariantGroup section */

/* Begin XCBuildConfiguration section */
		200452BF193EF965008C8B25 /* Debug */ = {
			isa = XCBuildConfiguration;
			buildSettings = {
				ALWAYS_SEARCH_USER_PATHS = NO;
				CLANG_CXX_LANGUAGE_STANDARD = "gnu++0x";
				CLANG_CXX_LIBRARY = "libc++";
				CLANG_ENABLE_MODULES = YES;
				CLANG_ENABLE_OBJC_ARC = YES;
				CLANG_WARN_BOOL_CONVERSION = YES;
				CLANG_WARN_CONSTANT_CONVERSION = YES;
				CLANG_WARN_DIRECT_OBJC_ISA_USAGE = YES_ERROR;
				CLANG_WARN_EMPTY_BODY = YES;
				CLANG_WARN_ENUM_CONVERSION = YES;
				CLANG_WARN_INT_CONVERSION = YES;
				CLANG_WARN_OBJC_ROOT_CLASS = YES_ERROR;
				CLANG_WARN__DUPLICATE_METHOD_MATCH = YES;
				"CODE_SIGN_IDENTITY[sdk=iphoneos*]" = "iPhone Developer";
				COPY_PHASE_STRIP = NO;
				GCC_C_LANGUAGE_STANDARD = gnu99;
				GCC_DYNAMIC_NO_PIC = NO;
				GCC_OPTIMIZATION_LEVEL = 0;
				GCC_PREPROCESSOR_DEFINITIONS = (
					"DEBUG=1",
					"$(inherited)",
				);
				GCC_SYMBOLS_PRIVATE_EXTERN = NO;
				GCC_WARN_64_TO_32_BIT_CONVERSION = YES;
				GCC_WARN_ABOUT_RETURN_TYPE = YES_ERROR;
				GCC_WARN_UNDECLARED_SELECTOR = YES;
				GCC_WARN_UNINITIALIZED_AUTOS = YES_AGGRESSIVE;
				GCC_WARN_UNUSED_FUNCTION = YES;
				GCC_WARN_UNUSED_VARIABLE = YES;
				IPHONEOS_DEPLOYMENT_TARGET = 7.1;
				ONLY_ACTIVE_ARCH = YES;
				SDKROOT = iphoneos;
			};
			name = Debug;
		};
		200452C0193EF965008C8B25 /* Release */ = {
			isa = XCBuildConfiguration;
			buildSettings = {
				ALWAYS_SEARCH_USER_PATHS = NO;
				CLANG_CXX_LANGUAGE_STANDARD = "gnu++0x";
				CLANG_CXX_LIBRARY = "libc++";
				CLANG_ENABLE_MODULES = YES;
				CLANG_ENABLE_OBJC_ARC = YES;
				CLANG_WARN_BOOL_CONVERSION = YES;
				CLANG_WARN_CONSTANT_CONVERSION = YES;
				CLANG_WARN_DIRECT_OBJC_ISA_USAGE = YES_ERROR;
				CLANG_WARN_EMPTY_BODY = YES;
				CLANG_WARN_ENUM_CONVERSION = YES;
				CLANG_WARN_INT_CONVERSION = YES;
				CLANG_WARN_OBJC_ROOT_CLASS = YES_ERROR;
				CLANG_WARN__DUPLICATE_METHOD_MATCH = YES;
				"CODE_SIGN_IDENTITY[sdk=iphoneos*]" = "iPhone Developer";
				COPY_PHASE_STRIP = YES;
				ENABLE_NS_ASSERTIONS = NO;
				GCC_C_LANGUAGE_STANDARD = gnu99;
				GCC_WARN_64_TO_32_BIT_CONVERSION = YES;
				GCC_WARN_ABOUT_RETURN_TYPE = YES_ERROR;
				GCC_WARN_UNDECLARED_SELECTOR = YES;
				GCC_WARN_UNINITIALIZED_AUTOS = YES_AGGRESSIVE;
				GCC_WARN_UNUSED_FUNCTION = YES;
				GCC_WARN_UNUSED_VARIABLE = YES;
				IPHONEOS_DEPLOYMENT_TARGET = 7.1;
				SDKROOT = iphoneos;
				VALIDATE_PRODUCT = YES;
			};
			name = Release;
		};
		200452C2193EF965008C8B25 /* Debug */ = {
			isa = XCBuildConfiguration;
			buildSettings = {
				ASSETCATALOG_COMPILER_APPICON_NAME = AppIcon;
				ASSETCATALOG_COMPILER_LAUNCHIMAGE_NAME = LaunchImage;
				GCC_PRECOMPILE_PREFIX_HEADER = YES;
				GCC_PREFIX_HEADER = "ios_tip_calculator/ios_tip_calculator-Prefix.pch";
				INFOPLIST_FILE = "ios_tip_calculator/ios_tip_calculator-Info.plist";
				PRODUCT_NAME = "$(TARGET_NAME)";
				WRAPPER_EXTENSION = app;
			};
			name = Debug;
		};
		200452C3193EF965008C8B25 /* Release */ = {
			isa = XCBuildConfiguration;
			buildSettings = {
				ASSETCATALOG_COMPILER_APPICON_NAME = AppIcon;
				ASSETCATALOG_COMPILER_LAUNCHIMAGE_NAME = LaunchImage;
				GCC_PRECOMPILE_PREFIX_HEADER = YES;
				GCC_PREFIX_HEADER = "ios_tip_calculator/ios_tip_calculator-Prefix.pch";
				INFOPLIST_FILE = "ios_tip_calculator/ios_tip_calculator-Info.plist";
				PRODUCT_NAME = "$(TARGET_NAME)";
				WRAPPER_EXTENSION = app;
			};
			name = Release;
		};
		200452C5193EF965008C8B25 /* Debug */ = {
			isa = XCBuildConfiguration;
			buildSettings = {
				BUNDLE_LOADER = "$(BUILT_PRODUCTS_DIR)/ios_tip_calculator.app/ios_tip_calculator";
				FRAMEWORK_SEARCH_PATHS = (
					"$(SDKROOT)/Developer/Library/Frameworks",
					"$(inherited)",
					"$(DEVELOPER_FRAMEWORKS_DIR)",
				);
				GCC_PRECOMPILE_PREFIX_HEADER = YES;
				GCC_PREFIX_HEADER = "ios_tip_calculator/ios_tip_calculator-Prefix.pch";
				GCC_PREPROCESSOR_DEFINITIONS = (
					"DEBUG=1",
					"$(inherited)",
				);
				INFOPLIST_FILE = "ios_tip_calculatorTests/ios_tip_calculatorTests-Info.plist";
				PRODUCT_NAME = "$(TARGET_NAME)";
				TEST_HOST = "$(BUNDLE_LOADER)";
				WRAPPER_EXTENSION = xctest;
			};
			name = Debug;
		};
		200452C6193EF965008C8B25 /* Release */ = {
			isa = XCBuildConfiguration;
			buildSettings = {
				BUNDLE_LOADER = "$(BUILT_PRODUCTS_DIR)/ios_tip_calculator.app/ios_tip_calculator";
				FRAMEWORK_SEARCH_PATHS = (
					"$(SDKROOT)/Developer/Library/Frameworks",
					"$(inherited)",
					"$(DEVELOPER_FRAMEWORKS_DIR)",
				);
				GCC_PRECOMPILE_PREFIX_HEADER = YES;
				GCC_PREFIX_HEADER = "ios_tip_calculator/ios_tip_calculator-Prefix.pch";
				INFOPLIST_FILE = "ios_tip_calculatorTests/ios_tip_calculatorTests-Info.plist";
				PRODUCT_NAME = "$(TARGET_NAME)";
				TEST_HOST = "$(BUNDLE_LOADER)";
				WRAPPER_EXTENSION = xctest;
			};
			name = Release;
		};
/* End XCBuildConfiguration section */

/* Begin XCConfigurationList section */
		20045290193EF965008C8B25 /* Build configuration list for PBXProject "ios_tip_calculator" */ = {
			isa = XCConfigurationList;
			buildConfigurations = (
				200452BF193EF965008C8B25 /* Debug */,
				200452C0193EF965008C8B25 /* Release */,
			);
			defaultConfigurationIsVisible = 0;
			defaultConfigurationName = Release;
		};
		200452C1193EF965008C8B25 /* Build configuration list for PBXNativeTarget "ios_tip_calculator" */ = {
			isa = XCConfigurationList;
			buildConfigurations = (
				200452C2193EF965008C8B25 /* Debug */,
				200452C3193EF965008C8B25 /* Release */,
			);
			defaultConfigurationIsVisible = 0;
		};
		200452C4193EF965008C8B25 /* Build configuration list for PBXNativeTarget "ios_tip_calculatorTests" */ = {
			isa = XCConfigurationList;
			buildConfigurations = (
				200452C5193EF965008C8B25 /* Debug */,
				200452C6193EF965008C8B25 /* Release */,
			);
			defaultConfigurationIsVisible = 0;
		};
/* End XCConfigurationList section */
	};
	rootObject = 2004528D193EF965008C8B25 /* Project object */;
}
